
Microsoft Visual Studio Solution File, Format Version 12.00
# Visual Studio Version 17
VisualStudioVersion = 17.0.31903.59
MinimumVisualStudioVersion = 10.0.40219.1
Project("{FAE04EC0-301F-11D3-BF4B-00C04F79EFBC}") = "RightSize", "RightSize\RightSize.csproj", "{ABDF34A6-9C9C-43A4-912B-5BE067710AC9}"
EndProject
Project("{FAE04EC0-301F-11D3-BF4B-00C04F79EFBC}") = "ChangeString", "ChangeString\ChangeString.csproj", "{16E65D07-B254-49C5-B1C5-7185DF9DA3D8}"
EndProject
Project("{FAE04EC0-301F-11D3-BF4B-00C04F79EFBC}") = "ArrayMul", "ArrayMul\ArrayMul.csproj", "{CDDEE56F-625A-4D47-BDDF-D19472B65003}"
EndProject
Project("{FAE04EC0-301F-11D3-BF4B-00C04F79EFBC}") = "HeroPerk", "HeroPerk\HeroPerk.csproj", "{C1468A08-1225-4D3A-98F8-6E2F95A0AD28}"
EndProject
Project("{FAE04EC0-301F-11D3-BF4B-00C04F79EFBC}") = "Pow2Until", "Pow2Until\Pow2Until.csproj", "{F92C7A6A-8016-4E36-960C-0DF25466BFE8}"
EndProject
Project("{FAE04EC0-301F-11D3-BF4B-00C04F79EFBC}") = "FamousQuotes", "FamousQuotes\FamousQuotes.csproj", "{B788E8C7-5D5F-4C95-AF4B-A5059EE3203A}"
EndProject
Global
	GlobalSection(SolutionConfigurationPlatforms) = preSolution
		Debug|Any CPU = Debug|Any CPU
		Release|Any CPU = Release|Any CPU
	EndGlobalSection
	GlobalSection(SolutionProperties) = preSolution
		HideSolutionNode = FALSE
	EndGlobalSection
	GlobalSection(ProjectConfigurationPlatforms) = postSolution
		{ABDF34A6-9C9C-43A4-912B-5BE067710AC9}.Debug|Any CPU.ActiveCfg = Debug|Any CPU
		{ABDF34A6-9C9C-43A4-912B-5BE067710AC9}.Debug|Any CPU.Build.0 = Debug|Any CPU
		{ABDF34A6-9C9C-43A4-912B-5BE067710AC9}.Release|Any CPU.ActiveCfg = Release|Any CPU
		{ABDF34A6-9C9C-43A4-912B-5BE067710AC9}.Release|Any CPU.Build.0 = Release|Any CPU
		{16E65D07-B254-49C5-B1C5-7185DF9DA3D8}.Debug|Any CPU.ActiveCfg = Debug|Any CPU
		{16E65D07-B254-49C5-B1C5-7185DF9DA3D8}.Debug|Any CPU.Build.0 = Debug|Any CPU
		{16E65D07-B254-49C5-B1C5-7185DF9DA3D8}.Release|Any CPU.ActiveCfg = Release|Any CPU
		{16E65D07-B254-49C5-B1C5-7185DF9DA3D8}.Release|Any CPU.Build.0 = Release|Any CPU
		{CDDEE56F-625A-4D47-BDDF-D19472B65003}.Debug|Any CPU.ActiveCfg = Debug|Any CPU
		{CDDEE56F-625A-4D47-BDDF-D19472B65003}.Debug|Any CPU.Build.0 = Debug|Any CPU
		{CDDEE56F-625A-4D47-BDDF-D19472B65003}.Release|Any CPU.ActiveCfg = Release|Any CPU
		{CDDEE56F-625A-4D47-BDDF-D19472B65003}.Release|Any CPU.Build.0 = Release|Any CPU
		{C1468A08-1225-4D3A-98F8-6E2F95A0AD28}.Debug|Any CPU.ActiveCfg = Debug|Any CPU
		{C1468A08-1225-4D3A-98F8-6E2F95A0AD28}.Debug|Any CPU.Build.0 = Debug|Any CPU
		{C1468A08-1225-4D3A-98F8-6E2F95A0AD28}.Release|Any CPU.ActiveCfg = Release|Any CPU
		{C1468A08-1225-4D3A-98F8-6E2F95A0AD28}.Release|Any CPU.Build.0 = Release|Any CPU
		{F92C7A6A-8016-4E36-960C-0DF25466BFE8}.Debug|Any CPU.ActiveCfg = Debug|Any CPU
		{F92C7A6A-8016-4E36-960C-0DF25466BFE8}.Debug|Any CPU.Build.0 = Debug|Any CPU
		{F92C7A6A-8016-4E36-960C-0DF25466BFE8}.Release|Any CPU.ActiveCfg = Release|Any CPU
		{F92C7A6A-8016-4E36-960C-0DF25466BFE8}.Release|Any CPU.Build.0 = Release|Any CPU
		{B788E8C7-5D5F-4C95-AF4B-A5059EE3203A}.Debug|Any CPU.ActiveCfg = Debug|Any CPU
		{B788E8C7-5D5F-4C95-AF4B-A5059EE3203A}.Debug|Any CPU.Build.0 = Debug|Any CPU
		{B788E8C7-5D5F-4C95-AF4B-A5059EE3203A}.Release|Any CPU.ActiveCfg = Release|Any CPU
		{B788E8C7-5D5F-4C95-AF4B-A5059EE3203A}.Release|Any CPU.Build.0 = Release|Any CPU
	EndGlobalSection
EndGlobal
